
Microsoft Visual Studio Solution File, Format Version 12.00
# Visual Studio Version 16
VisualStudioVersion = 16.0.30523.141
MinimumVisualStudioVersion = 10.0.40219.1
Project("{FAE04EC0-301F-11D3-BF4B-00C04F79EFBC}") = "BetterASPNetMVC", "BetterASPNetMVC\BetterASPNetMVC.csproj", "{324F8D4D-7CA4-464D-9B06-8312374EA972}"
EndProject
Global
	GlobalSection(SolutionConfigurationPlatforms) = preSolution
		Debug|Any CPU = Debug|Any CPU
		Release|Any CPU = Release|Any CPU
	EndGlobalSection
	GlobalSection(ProjectConfigurationPlatforms) = postSolution
		{324F8D4D-7CA4-464D-9B06-8312374EA972}.Debug|Any CPU.ActiveCfg = Debug|Any CPU
		{324F8D4D-7CA4-464D-9B06-8312374EA972}.Debug|Any CPU.Build.0 = Debug|Any CPU
		{324F8D4D-7CA4-464D-9B06-8312374EA972}.Release|Any CPU.ActiveCfg = Release|Any CPU
		{324F8D4D-7CA4-464D-9B06-8312374EA972}.Release|Any CPU.Build.0 = Release|Any CPU
	EndGlobalSection
	GlobalSection(SolutionProperties) = preSolution
		HideSolutionNode = FALSE
	EndGlobalSection
	GlobalSection(ExtensibilityGlobals) = postSolution
		SolutionGuid = {C3DBBECE-5906-4EE3-82F8-6BB37C4C25E7}
	EndGlobalSection
EndGlobal
